
Microsoft Visual Studio Solution File, Format Version 12.00
# Visual Studio Version 17
VisualStudioVersion = 17.1.32407.343
MinimumVisualStudioVersion = 10.0.40219.1
Project("{9A19103F-16F7-4668-BE54-9A1E7A4F7556}") = "TestProject", "TestProject\TestProject.csproj", "{BF9C0A64-28FC-400E-8DBA-9380258919B3}"
EndProject
Project("{00D1A9C2-B5F0-4AF3-8072-F6C62B433612}") = "TestDatabaseProject", "TestDatabaseProject\TestDatabaseProject.sqlproj", "{9763BDAB-743E-4596-AF54-9C5C5818BEA1}"
EndProject
Project("{9A19103F-16F7-4668-BE54-9A1E7A4F7556}") = "TestWebProject", "TestWebProject\TestWebProject.csproj", "{E62B759D-92B7-4C88-A1B7-9BA7C7D7B0D0}"
EndProject
Project("{9A19103F-16F7-4668-BE54-9A1E7A4F7556}") = "TestProject5", "TestProject5\TestProject5.csproj", "{D7E3D2EA-3D93-429C-918A-8A542F9E2827}"
EndProject
Project("{9A19103F-16F7-4668-BE54-9A1E7A4F7556}") = "TestWebProject5", "TestWebProject5\TestWebProject5.csproj", "{407315B9-4DCF-4CAD-939E-3395E7DCFD96}"
EndProject
Project("{9A19103F-16F7-4668-BE54-9A1E7A4F7556}") = "TestProject6", "TestProject6\TestProject6.csproj", "{A63D843B-00A0-42A3-8EB6-D835026CE115}"
EndProject
Project("{9A19103F-16F7-4668-BE54-9A1E7A4F7556}") = "TestWebProject6", "TestWebProject6\TestWebProject6.csproj", "{3642E33B-F185-4BCF-B275-8861CC99660F}"
EndProject
Project("{9A19103F-16F7-4668-BE54-9A1E7A4F7556}") = "TestProject8", "TestProject8\TestProject8.csproj", "{ED04FF12-9994-4768-BE9A-B0A7CF740B58}"
EndProject
Project("{9A19103F-16F7-4668-BE54-9A1E7A4F7556}") = "TestWebProject8", "TestWebProject8\TestWebProject8.csproj", "{5191CB71-7C8F-43D8-BD19-41933C3879C0}"
EndProject
Global
	GlobalSection(SolutionConfigurationPlatforms) = preSolution
		Debug|Any CPU = Debug|Any CPU
		Release|Any CPU = Release|Any CPU
	EndGlobalSection
	GlobalSection(ProjectConfigurationPlatforms) = postSolution
		{BF9C0A64-28FC-400E-8DBA-9380258919B3}.Debug|Any CPU.ActiveCfg = Debug|Any CPU
		{BF9C0A64-28FC-400E-8DBA-9380258919B3}.Debug|Any CPU.Build.0 = Debug|Any CPU
		{BF9C0A64-28FC-400E-8DBA-9380258919B3}.Release|Any CPU.ActiveCfg = Release|Any CPU
		{BF9C0A64-28FC-400E-8DBA-9380258919B3}.Release|Any CPU.Build.0 = Release|Any CPU
		{9763BDAB-743E-4596-AF54-9C5C5818BEA1}.Debug|Any CPU.ActiveCfg = Debug|Any CPU
		{9763BDAB-743E-4596-AF54-9C5C5818BEA1}.Debug|Any CPU.Build.0 = Debug|Any CPU
		{9763BDAB-743E-4596-AF54-9C5C5818BEA1}.Debug|Any CPU.Deploy.0 = Debug|Any CPU
		{9763BDAB-743E-4596-AF54-9C5C5818BEA1}.Release|Any CPU.ActiveCfg = Release|Any CPU
		{9763BDAB-743E-4596-AF54-9C5C5818BEA1}.Release|Any CPU.Build.0 = Release|Any CPU
		{9763BDAB-743E-4596-AF54-9C5C5818BEA1}.Release|Any CPU.Deploy.0 = Release|Any CPU
		{E62B759D-92B7-4C88-A1B7-9BA7C7D7B0D0}.Debug|Any CPU.ActiveCfg = Debug|Any CPU
		{E62B759D-92B7-4C88-A1B7-9BA7C7D7B0D0}.Debug|Any CPU.Build.0 = Debug|Any CPU
		{E62B759D-92B7-4C88-A1B7-9BA7C7D7B0D0}.Release|Any CPU.ActiveCfg = Release|Any CPU
		{E62B759D-92B7-4C88-A1B7-9BA7C7D7B0D0}.Release|Any CPU.Build.0 = Release|Any CPU
		{D7E3D2EA-3D93-429C-918A-8A542F9E2827}.Debug|Any CPU.ActiveCfg = Debug|Any CPU
		{D7E3D2EA-3D93-429C-918A-8A542F9E2827}.Debug|Any CPU.Build.0 = Debug|Any CPU
		{D7E3D2EA-3D93-429C-918A-8A542F9E2827}.Release|Any CPU.ActiveCfg = Release|Any CPU
		{D7E3D2EA-3D93-429C-918A-8A542F9E2827}.Release|Any CPU.Build.0 = Release|Any CPU
		{407315B9-4DCF-4CAD-939E-3395E7DCFD96}.Debug|Any CPU.ActiveCfg = Debug|Any CPU
		{407315B9-4DCF-4CAD-939E-3395E7DCFD96}.Debug|Any CPU.Build.0 = Debug|Any CPU
		{407315B9-4DCF-4CAD-939E-3395E7DCFD96}.Release|Any CPU.ActiveCfg = Release|Any CPU
		{407315B9-4DCF-4CAD-939E-3395E7DCFD96}.Release|Any CPU.Build.0 = Release|Any CPU
		{A63D843B-00A0-42A3-8EB6-D835026CE115}.Debug|Any CPU.ActiveCfg = Debug|Any CPU
		{A63D843B-00A0-42A3-8EB6-D835026CE115}.Debug|Any CPU.Build.0 = Debug|Any CPU
		{A63D843B-00A0-42A3-8EB6-D835026CE115}.Release|Any CPU.ActiveCfg = Release|Any CPU
		{A63D843B-00A0-42A3-8EB6-D835026CE115}.Release|Any CPU.Build.0 = Release|Any CPU
		{3642E33B-F185-4BCF-B275-8861CC99660F}.Debug|Any CPU.ActiveCfg = Debug|Any CPU
		{3642E33B-F185-4BCF-B275-8861CC99660F}.Debug|Any CPU.Build.0 = Debug|Any CPU
		{3642E33B-F185-4BCF-B275-8861CC99660F}.Release|Any CPU.ActiveCfg = Release|Any CPU
		{3642E33B-F185-4BCF-B275-8861CC99660F}.Release|Any CPU.Build.0 = Release|Any CPU
		{ED04FF12-9994-4768-BE9A-B0A7CF740B58}.Debug|Any CPU.ActiveCfg = Debug|Any CPU
		{ED04FF12-9994-4768-BE9A-B0A7CF740B58}.Debug|Any CPU.Build.0 = Debug|Any CPU
		{ED04FF12-9994-4768-BE9A-B0A7CF740B58}.Release|Any CPU.ActiveCfg = Release|Any CPU
		{ED04FF12-9994-4768-BE9A-B0A7CF740B58}.Release|Any CPU.Build.0 = Release|Any CPU
		{5191CB71-7C8F-43D8-BD19-41933C3879C0}.Debug|Any CPU.ActiveCfg = Debug|Any CPU
		{5191CB71-7C8F-43D8-BD19-41933C3879C0}.Debug|Any CPU.Build.0 = Debug|Any CPU
		{5191CB71-7C8F-43D8-BD19-41933C3879C0}.Release|Any CPU.ActiveCfg = Release|Any CPU
		{5191CB71-7C8F-43D8-BD19-41933C3879C0}.Release|Any CPU.Build.0 = Release|Any CPU
	EndGlobalSection
	GlobalSection(SolutionProperties) = preSolution
		HideSolutionNode = FALSE
	EndGlobalSection
	GlobalSection(ExtensibilityGlobals) = postSolution
		SolutionGuid = {B626259D-0593-42DF-9EF7-FB0E52D8FB6E}
	EndGlobalSection
EndGlobal
